
Microsoft Visual Studio Solution File, Format Version 12.00
# Visual Studio 15
VisualStudioVersion = 15.0.28010.2041
MinimumVisualStudioVersion = 10.0.40219.1
Project("{FAE04EC0-301F-11D3-BF4B-00C04F79EFBC}") = "memedump", "memedump\memedump.csproj", "{999968A3-EB7B-4EC0-82BB-1DD515214B47}"
EndProject
Global
	GlobalSection(SolutionConfigurationPlatforms) = preSolution
		Debug|Any CPU = Debug|Any CPU
		Release|Any CPU = Release|Any CPU
	EndGlobalSection
	GlobalSection(ProjectConfigurationPlatforms) = postSolution
		{999968A3-EB7B-4EC0-82BB-1DD515214B47}.Debug|Any CPU.ActiveCfg = Debug|Any CPU
		{999968A3-EB7B-4EC0-82BB-1DD515214B47}.Debug|Any CPU.Build.0 = Debug|Any CPU
		{999968A3-EB7B-4EC0-82BB-1DD515214B47}.Release|Any CPU.ActiveCfg = Release|Any CPU
		{999968A3-EB7B-4EC0-82BB-1DD515214B47}.Release|Any CPU.Build.0 = Release|Any CPU
	EndGlobalSection
	GlobalSection(SolutionProperties) = preSolution
		HideSolutionNode = FALSE
	EndGlobalSection
	GlobalSection(ExtensibilityGlobals) = postSolution
		SolutionGuid = {7D567305-16B4-4450-916A-6B8F6FF37F66}
	EndGlobalSection
EndGlobal
